// !$*UTF8*$!
{
	archiveVersion = 1;
	classes = {
	};
	objectVersion = 51;
	objects = {

/* Begin PBXBuildFile section */
		0D36C93B22B98D0900F4F984 /* OnlineUsersViewController.swift in Sources */ = {isa = PBXBuildFile; fileRef = 0D36C93A22B98D0900F4F984 /* OnlineUsersViewController.swift */; };
		0D51C4D122B97A4400F05406 /* ViewController+Extension.swift in Sources */ = {isa = PBXBuildFile; fileRef = 0D51C4D022B97A4400F05406 /* ViewController+Extension.swift */; };
		0D51C4D322B9837800F05406 /* OnlineUser.swift in Sources */ = {isa = PBXBuildFile; fileRef = 0D51C4D222B9837800F05406 /* OnlineUser.swift */; };
		0D51C4D522B9847100F05406 /* ConversationProtocols.swift in Sources */ = {isa = PBXBuildFile; fileRef = 0D51C4D422B9847100F05406 /* ConversationProtocols.swift */; };
		5D11D3759FF0886DDEF08059 /* Pods_ChatApp.framework in Frameworks */ = {isa = PBXBuildFile; fileRef = 5B498B98E30464DCFD2E2D92 /* Pods_ChatApp.framework */; };
		A6609B8322BA32F4003914BF /* LoginViewController.swift in Sources */ = {isa = PBXBuildFile; fileRef = A6609B8222BA32F4003914BF /* LoginViewController.swift */; };
		A6609B8622BA3EB5003914BF /* LoginUser.swift in Sources */ = {isa = PBXBuildFile; fileRef = A6609B8522BA3EB5003914BF /* LoginUser.swift */; };
		A6609B8822BA4415003914BF /* ProgressHUD.swift in Sources */ = {isa = PBXBuildFile; fileRef = A6609B8722BA4415003914BF /* ProgressHUD.swift */; };
		A6F96A8622B8B7BB0025B0BD /* AppDelegate.swift in Sources */ = {isa = PBXBuildFile; fileRef = A6F96A8522B8B7BB0025B0BD /* AppDelegate.swift */; };
		A6F96A8822B8B7BB0025B0BD /* ConversationsViewController.swift in Sources */ = {isa = PBXBuildFile; fileRef = A6F96A8722B8B7BB0025B0BD /* ConversationsViewController.swift */; };
		A6F96A8B22B8B7BB0025B0BD /* Main.storyboard in Resources */ = {isa = PBXBuildFile; fileRef = A6F96A8922B8B7BB0025B0BD /* Main.storyboard */; };
		A6F96A8D22B8B7BC0025B0BD /* Assets.xcassets in Resources */ = {isa = PBXBuildFile; fileRef = A6F96A8C22B8B7BC0025B0BD /* Assets.xcassets */; };
		A6F96A9022B8B7BC0025B0BD /* LaunchScreen.storyboard in Resources */ = {isa = PBXBuildFile; fileRef = A6F96A8E22B8B7BC0025B0BD /* LaunchScreen.storyboard */; };
		A6F96A9822B8BB360025B0BD /* GoogleService-Info.plist in Resources */ = {isa = PBXBuildFile; fileRef = A6F96A9722B8BB360025B0BD /* GoogleService-Info.plist */; };
		A6F96A9A22B8C1C50025B0BD /* View+Extension.swift in Sources */ = {isa = PBXBuildFile; fileRef = A6F96A9922B8C1C50025B0BD /* View+Extension.swift */; };
		A6F96A9D22B8CC810025B0BD /* MessageHeadTableViewCell.swift in Sources */ = {isa = PBXBuildFile; fileRef = A6F96A9C22B8CC810025B0BD /* MessageHeadTableViewCell.swift */; };
		A6F96A9F22B8CC970025B0BD /* OnlineUserCollectionViewCell.swift in Sources */ = {isa = PBXBuildFile; fileRef = A6F96A9E22B8CC970025B0BD /* OnlineUserCollectionViewCell.swift */; };
		A6F96AA322B8DA9B0025B0BD /* MyMessage.swift in Sources */ = {isa = PBXBuildFile; fileRef = A6F96AA122B8DA9A0025B0BD /* MyMessage.swift */; };
		A6F96AA422B8DA9B0025B0BD /* ChatViewController.swift in Sources */ = {isa = PBXBuildFile; fileRef = A6F96AA222B8DA9B0025B0BD /* ChatViewController.swift */; };
		A6F96AA622B8DCC30025B0BD /* Message.swift in Sources */ = {isa = PBXBuildFile; fileRef = A6F96AA522B8DCC20025B0BD /* Message.swift */; };
		A6F96AA922B8DD2F0025B0BD /* String+Extension.swift in Sources */ = {isa = PBXBuildFile; fileRef = A6F96AA822B8DD2F0025B0BD /* String+Extension.swift */; };
		A6F96AAB22B8DE370025B0BD /* AppStateManager.swift in Sources */ = {isa = PBXBuildFile; fileRef = A6F96AAA22B8DE370025B0BD /* AppStateManager.swift */; };
		A6F96AAD22B8DFBC0025B0BD /* Date+Extension.swift in Sources */ = {isa = PBXBuildFile; fileRef = A6F96AAC22B8DFBC0025B0BD /* Date+Extension.swift */; };
		A6F96AAF22B8E1ED0025B0BD /* User.swift in Sources */ = {isa = PBXBuildFile; fileRef = A6F96AAE22B8E1ED0025B0BD /* User.swift */; };
		A6F96AB122B8E28F0025B0BD /* MessageHead.swift in Sources */ = {isa = PBXBuildFile; fileRef = A6F96AB022B8E28F0025B0BD /* MessageHead.swift */; };
		A6F96AB322B8ECC60025B0BD /* ChatViewModel.swift in Sources */ = {isa = PBXBuildFile; fileRef = A6F96AB222B8ECC60025B0BD /* ChatViewModel.swift */; };
		A6F96AB522B8F7520025B0BD /* ChatProtocols.swift in Sources */ = {isa = PBXBuildFile; fileRef = A6F96AB422B8F7520025B0BD /* ChatProtocols.swift */; };
		A6F96AB722B912A80025B0BD /* ConversationsViewModel.swift in Sources */ = {isa = PBXBuildFile; fileRef = A6F96AB622B912A80025B0BD /* ConversationsViewModel.swift */; };
/* End PBXBuildFile section */

/* Begin PBXFileReference section */
		0D36C93A22B98D0900F4F984 /* OnlineUsersViewController.swift */ = {isa = PBXFileReference; lastKnownFileType = sourcecode.swift; path = OnlineUsersViewController.swift; sourceTree = "<group>"; };
		0D51C4D022B97A4400F05406 /* ViewController+Extension.swift */ = {isa = PBXFileReference; lastKnownFileType = sourcecode.swift; path = "ViewController+Extension.swift"; sourceTree = "<group>"; };
		0D51C4D222B9837800F05406 /* OnlineUser.swift */ = {isa = PBXFileReference; lastKnownFileType = sourcecode.swift; path = OnlineUser.swift; sourceTree = "<group>"; };
		0D51C4D422B9847100F05406 /* ConversationProtocols.swift */ = {isa = PBXFileReference; lastKnownFileType = sourcecode.swift; path = ConversationProtocols.swift; sourceTree = "<group>"; };
		5B498B98E30464DCFD2E2D92 /* Pods_ChatApp.framework */ = {isa = PBXFileReference; explicitFileType = wrapper.framework; includeInIndex = 0; path = Pods_ChatApp.framework; sourceTree = BUILT_PRODUCTS_DIR; };
		8745DC19F7FD162D4F3A1684 /* Pods-ChatApp.release.xcconfig */ = {isa = PBXFileReference; includeInIndex = 1; lastKnownFileType = text.xcconfig; name = "Pods-ChatApp.release.xcconfig"; path = "Target Support Files/Pods-ChatApp/Pods-ChatApp.release.xcconfig"; sourceTree = "<group>"; };
		A5830AB766C1CE6245720AD5 /* Pods-ChatApp.debug.xcconfig */ = {isa = PBXFileReference; includeInIndex = 1; lastKnownFileType = text.xcconfig; name = "Pods-ChatApp.debug.xcconfig"; path = "Target Support Files/Pods-ChatApp/Pods-ChatApp.debug.xcconfig"; sourceTree = "<group>"; };
		A6609B8222BA32F4003914BF /* LoginViewController.swift */ = {isa = PBXFileReference; lastKnownFileType = sourcecode.swift; path = LoginViewController.swift; sourceTree = "<group>"; };
		A6609B8522BA3EB5003914BF /* LoginUser.swift */ = {isa = PBXFileReference; lastKnownFileType = sourcecode.swift; path = LoginUser.swift; sourceTree = "<group>"; };
		A6609B8722BA4415003914BF /* ProgressHUD.swift */ = {isa = PBXFileReference; lastKnownFileType = sourcecode.swift; path = ProgressHUD.swift; sourceTree = "<group>"; };
		A6F96A8222B8B7BB0025B0BD /* ChatApp.app */ = {isa = PBXFileReference; explicitFileType = wrapper.application; includeInIndex = 0; path = ChatApp.app; sourceTree = BUILT_PRODUCTS_DIR; };
		A6F96A8522B8B7BB0025B0BD /* AppDelegate.swift */ = {isa = PBXFileReference; lastKnownFileType = sourcecode.swift; path = AppDelegate.swift; sourceTree = "<group>"; };
		A6F96A8722B8B7BB0025B0BD /* ConversationsViewController.swift */ = {isa = PBXFileReference; lastKnownFileType = sourcecode.swift; path = ConversationsViewController.swift; sourceTree = "<group>"; };
		A6F96A8A22B8B7BB0025B0BD /* Base */ = {isa = PBXFileReference; lastKnownFileType = file.storyboard; name = Base; path = Base.lproj/Main.storyboard; sourceTree = "<group>"; };
		A6F96A8C22B8B7BC0025B0BD /* Assets.xcassets */ = {isa = PBXFileReference; lastKnownFileType = folder.assetcatalog; path = Assets.xcassets; sourceTree = "<group>"; };
		A6F96A8F22B8B7BC0025B0BD /* Base */ = {isa = PBXFileReference; lastKnownFileType = file.storyboard; name = Base; path = Base.lproj/LaunchScreen.storyboard; sourceTree = "<group>"; };
		A6F96A9122B8B7BC0025B0BD /* Info.plist */ = {isa = PBXFileReference; lastKnownFileType = text.plist.xml; path = Info.plist; sourceTree = "<group>"; };
		A6F96A9722B8BB360025B0BD /* GoogleService-Info.plist */ = {isa = PBXFileReference; fileEncoding = 4; lastKnownFileType = text.plist.xml; path = "GoogleService-Info.plist"; sourceTree = "<group>"; };
		A6F96A9922B8C1C50025B0BD /* View+Extension.swift */ = {isa = PBXFileReference; fileEncoding = 4; lastKnownFileType = sourcecode.swift; path = "View+Extension.swift"; sourceTree = "<group>"; };
		A6F96A9C22B8CC810025B0BD /* MessageHeadTableViewCell.swift */ = {isa = PBXFileReference; lastKnownFileType = sourcecode.swift; path = MessageHeadTableViewCell.swift; sourceTree = "<group>"; };
		A6F96A9E22B8CC970025B0BD /* OnlineUserCollectionViewCell.swift */ = {isa = PBXFileReference; lastKnownFileType = sourcecode.swift; path = OnlineUserCollectionViewCell.swift; sourceTree = "<group>"; };
		A6F96AA122B8DA9A0025B0BD /* MyMessage.swift */ = {isa = PBXFileReference; fileEncoding = 4; lastKnownFileType = sourcecode.swift; path = MyMessage.swift; sourceTree = "<group>"; };
		A6F96AA222B8DA9B0025B0BD /* ChatViewController.swift */ = {isa = PBXFileReference; fileEncoding = 4; lastKnownFileType = sourcecode.swift; path = ChatViewController.swift; sourceTree = "<group>"; };
		A6F96AA522B8DCC20025B0BD /* Message.swift */ = {isa = PBXFileReference; fileEncoding = 4; lastKnownFileType = sourcecode.swift; path = Message.swift; sourceTree = "<group>"; };
		A6F96AA822B8DD2F0025B0BD /* String+Extension.swift */ = {isa = PBXFileReference; lastKnownFileType = sourcecode.swift; path = "String+Extension.swift"; sourceTree = "<group>"; };
		A6F96AAA22B8DE370025B0BD /* AppStateManager.swift */ = {isa = PBXFileReference; lastKnownFileType = sourcecode.swift; path = AppStateManager.swift; sourceTree = "<group>"; };
		A6F96AAC22B8DFBC0025B0BD /* Date+Extension.swift */ = {isa = PBXFileReference; lastKnownFileType = sourcecode.swift; path = "Date+Extension.swift"; sourceTree = "<group>"; };
		A6F96AAE22B8E1ED0025B0BD /* User.swift */ = {isa = PBXFileReference; lastKnownFileType = sourcecode.swift; path = User.swift; sourceTree = "<group>"; };
		A6F96AB022B8E28F0025B0BD /* MessageHead.swift */ = {isa = PBXFileReference; lastKnownFileType = sourcecode.swift; path = MessageHead.swift; sourceTree = "<group>"; };
		A6F96AB222B8ECC60025B0BD /* ChatViewModel.swift */ = {isa = PBXFileReference; lastKnownFileType = sourcecode.swift; path = ChatViewModel.swift; sourceTree = "<group>"; };
		A6F96AB422B8F7520025B0BD /* ChatProtocols.swift */ = {isa = PBXFileReference; lastKnownFileType = sourcecode.swift; path = ChatProtocols.swift; sourceTree = "<group>"; };
		A6F96AB622B912A80025B0BD /* ConversationsViewModel.swift */ = {isa = PBXFileReference; lastKnownFileType = sourcecode.swift; path = ConversationsViewModel.swift; sourceTree = "<group>"; };
/* End PBXFileReference section */

/* Begin PBXFrameworksBuildPhase section */
		A6F96A7F22B8B7BB0025B0BD /* Frameworks */ = {
			isa = PBXFrameworksBuildPhase;
			buildActionMask = 2147483647;
			files = (
				5D11D3759FF0886DDEF08059 /* Pods_ChatApp.framework in Frameworks */,
			);
			runOnlyForDeploymentPostprocessing = 0;
		};
/* End PBXFrameworksBuildPhase section */

/* Begin PBXGroup section */
		0D51C4D622B9848700F05406 /* Model */ = {
			isa = PBXGroup;
			children = (
				A6F96AAE22B8E1ED0025B0BD /* User.swift */,
				A6F96AB022B8E28F0025B0BD /* MessageHead.swift */,
				0D51C4D222B9837800F05406 /* OnlineUser.swift */,
			);
			path = Model;
			sourceTree = "<group>";
		};
		0D51C4D722B9849600F05406 /* Cells */ = {
			isa = PBXGroup;
			children = (
				A6F96A9C22B8CC810025B0BD /* MessageHeadTableViewCell.swift */,
				A6F96A9E22B8CC970025B0BD /* OnlineUserCollectionViewCell.swift */,
			);
			path = Cells;
			sourceTree = "<group>";
		};
		0D51C4D822B984AB00F05406 /* Models */ = {
			isa = PBXGroup;
			children = (
				A6F96AA522B8DCC20025B0BD /* Message.swift */,
				A6F96AA122B8DA9A0025B0BD /* MyMessage.swift */,
			);
			path = Models;
			sourceTree = "<group>";
		};
		A6609B8422BA3EA7003914BF /* Login */ = {
			isa = PBXGroup;
			children = (
				A6609B8222BA32F4003914BF /* LoginViewController.swift */,
				A6609B8522BA3EB5003914BF /* LoginUser.swift */,
			);
			path = Login;
			sourceTree = "<group>";
		};
		A6F96A7922B8B7BB0025B0BD = {
			isa = PBXGroup;
			children = (
				A6F96A8422B8B7BB0025B0BD /* ChatApp */,
				A6F96A8322B8B7BB0025B0BD /* Products */,
				DD3BDD77CC704A183098A0F7 /* Pods */,
				D087B9CC964189D6059E9D09 /* Frameworks */,
			);
			sourceTree = "<group>";
		};
		A6F96A8322B8B7BB0025B0BD /* Products */ = {
			isa = PBXGroup;
			children = (
				A6F96A8222B8B7BB0025B0BD /* ChatApp.app */,
			);
			name = Products;
			sourceTree = "<group>";
		};
		A6F96A8422B8B7BB0025B0BD /* ChatApp */ = {
			isa = PBXGroup;
			children = (
				A6F96A8522B8B7BB0025B0BD /* AppDelegate.swift */,
				A6F96AAA22B8DE370025B0BD /* AppStateManager.swift */,
				A6F96AA722B8DD1D0025B0BD /* Extension */,
				A6F96AA022B8DA7C0025B0BD /* Chat */,
				A6F96A9B22B8CC680025B0BD /* Conversations */,
				0D36C93A22B98D0900F4F984 /* OnlineUsersViewController.swift */,
				A6609B8422BA3EA7003914BF /* Login */,
				A6F96A8922B8B7BB0025B0BD /* Main.storyboard */,
				A6F96A9722B8BB360025B0BD /* GoogleService-Info.plist */,
				A6F96A9122B8B7BC0025B0BD /* Info.plist */,
				A6F96A8C22B8B7BC0025B0BD /* Assets.xcassets */,
				A6F96A8E22B8B7BC0025B0BD /* LaunchScreen.storyboard */,
				A6609B8722BA4415003914BF /* ProgressHUD.swift */,
			);
			path = ChatApp;
			sourceTree = "<group>";
		};
		A6F96A9B22B8CC680025B0BD /* Conversations */ = {
			isa = PBXGroup;
			children = (
				0D51C4D422B9847100F05406 /* ConversationProtocols.swift */,
				A6F96A8722B8B7BB0025B0BD /* ConversationsViewController.swift */,
				A6F96AB622B912A80025B0BD /* ConversationsViewModel.swift */,
				0D51C4D722B9849600F05406 /* Cells */,
				0D51C4D622B9848700F05406 /* Model */,
			);
			path = Conversations;
			sourceTree = "<group>";
		};
		A6F96AA022B8DA7C0025B0BD /* Chat */ = {
			isa = PBXGroup;
			children = (
				A6F96AB222B8ECC60025B0BD /* ChatViewModel.swift */,
				A6F96AB422B8F7520025B0BD /* ChatProtocols.swift */,
				A6F96AA222B8DA9B0025B0BD /* ChatViewController.swift */,
				0D51C4D822B984AB00F05406 /* Models */,
			);
			path = Chat;
			sourceTree = "<group>";
		};
		A6F96AA722B8DD1D0025B0BD /* Extension */ = {
			isa = PBXGroup;
			children = (
				A6F96A9922B8C1C50025B0BD /* View+Extension.swift */,
				A6F96AA822B8DD2F0025B0BD /* String+Extension.swift */,
				A6F96AAC22B8DFBC0025B0BD /* Date+Extension.swift */,
				0D51C4D022B97A4400F05406 /* ViewController+Extension.swift */,
			);
			path = Extension;
			sourceTree = "<group>";
		};
		D087B9CC964189D6059E9D09 /* Frameworks */ = {
			isa = PBXGroup;
			children = (
				5B498B98E30464DCFD2E2D92 /* Pods_ChatApp.framework */,
			);
			name = Frameworks;
			sourceTree = "<group>";
		};
		DD3BDD77CC704A183098A0F7 /* Pods */ = {
			isa = PBXGroup;
			children = (
				A5830AB766C1CE6245720AD5 /* Pods-ChatApp.debug.xcconfig */,
				8745DC19F7FD162D4F3A1684 /* Pods-ChatApp.release.xcconfig */,
			);
			path = Pods;
			sourceTree = "<group>";
		};
/* End PBXGroup section */

/* Begin PBXNativeTarget section */
		A6F96A8122B8B7BB0025B0BD /* ChatApp */ = {
			isa = PBXNativeTarget;
			buildConfigurationList = A6F96A9422B8B7BC0025B0BD /* Build configuration list for PBXNativeTarget "ChatApp" */;
			buildPhases = (
				39A1F7734E82437A90407C84 /* [CP] Check Pods Manifest.lock */,
				A6F96A7E22B8B7BB0025B0BD /* Sources */,
				A6F96A7F22B8B7BB0025B0BD /* Frameworks */,
				A6F96A8022B8B7BB0025B0BD /* Resources */,
				8C1BAA1515232DB6BCB463D6 /* [CP] Embed Pods Frameworks */,
			);
			buildRules = (
			);
			dependencies = (
			);
			name = ChatApp;
			productName = ChatApp;
			productReference = A6F96A8222B8B7BB0025B0BD /* ChatApp.app */;
			productType = "com.apple.product-type.application";
		};
/* End PBXNativeTarget section */

/* Begin PBXProject section */
		A6F96A7A22B8B7BB0025B0BD /* Project object */ = {
			isa = PBXProject;
			attributes = {
				LastSwiftUpdateCheck = 1020;
				LastUpgradeCheck = 1020;
				ORGANIZATIONNAME = Apple;
				TargetAttributes = {
					A6F96A8122B8B7BB0025B0BD = {
						CreatedOnToolsVersion = 10.2.1;
					};
				};
			};
			buildConfigurationList = A6F96A7D22B8B7BB0025B0BD /* Build configuration list for PBXProject "ChatApp" */;
			compatibilityVersion = "Xcode 9.3";
			developmentRegion = en;
			hasScannedForEncodings = 0;
			knownRegions = (
				en,
				Base,
			);
			mainGroup = A6F96A7922B8B7BB0025B0BD;
			productRefGroup = A6F96A8322B8B7BB0025B0BD /* Products */;
			projectDirPath = "";
			projectRoot = "";
			targets = (
				A6F96A8122B8B7BB0025B0BD /* ChatApp */,
			);
		};
/* End PBXProject section */

/* Begin PBXResourcesBuildPhase section */
		A6F96A8022B8B7BB0025B0BD /* Resources */ = {
			isa = PBXResourcesBuildPhase;
			buildActionMask = 2147483647;
			files = (
				A6F96A9022B8B7BC0025B0BD /* LaunchScreen.storyboard in Resources */,
				A6F96A9822B8BB360025B0BD /* GoogleService-Info.plist in Resources */,
				A6F96A8D22B8B7BC0025B0BD /* Assets.xcassets in Resources */,
				A6F96A8B22B8B7BB0025B0BD /* Main.storyboard in Resources */,
			);
			runOnlyForDeploymentPostprocessing = 0;
		};
/* End PBXResourcesBuildPhase section */

/* Begin PBXShellScriptBuildPhase section */
		39A1F7734E82437A90407C84 /* [CP] Check Pods Manifest.lock */ = {
			isa = PBXShellScriptBuildPhase;
			buildActionMask = 2147483647;
			files = (
			);
			inputFileListPaths = (
			);
			inputPaths = (
				"${PODS_PODFILE_DIR_PATH}/Podfile.lock",
				"${PODS_ROOT}/Manifest.lock",
			);
			name = "[CP] Check Pods Manifest.lock";
			outputFileListPaths = (
			);
			outputPaths = (
				"$(DERIVED_FILE_DIR)/Pods-ChatApp-checkManifestLockResult.txt",
			);
			runOnlyForDeploymentPostprocessing = 0;
			shellPath = /bin/sh;
			shellScript = "diff \"${PODS_PODFILE_DIR_PATH}/Podfile.lock\" \"${PODS_ROOT}/Manifest.lock\" > /dev/null\nif [ $? != 0 ] ; then\n    # print error to STDERR\n    echo \"error: The sandbox is not in sync with the Podfile.lock. Run 'pod install' or update your CocoaPods installation.\" >&2\n    exit 1\nfi\n# This output is used by Xcode 'outputs' to avoid re-running this script phase.\necho \"SUCCESS\" > \"${SCRIPT_OUTPUT_FILE_0}\"\n";
			showEnvVarsInLog = 0;
		};
		8C1BAA1515232DB6BCB463D6 /* [CP] Embed Pods Frameworks */ = {
			isa = PBXShellScriptBuildPhase;
			buildActionMask = 2147483647;
			files = (
			);
			inputFileListPaths = (
				"${PODS_ROOT}/Target Support Files/Pods-ChatApp/Pods-ChatApp-frameworks-${CONFIGURATION}-input-files.xcfilelist",
			);
			name = "[CP] Embed Pods Frameworks";
			outputFileListPaths = (
				"${PODS_ROOT}/Target Support Files/Pods-ChatApp/Pods-ChatApp-frameworks-${CONFIGURATION}-output-files.xcfilelist",
			);
			runOnlyForDeploymentPostprocessing = 0;
			shellPath = /bin/sh;
			shellScript = "\"${PODS_ROOT}/Target Support Files/Pods-ChatApp/Pods-ChatApp-frameworks.sh\"\n";
			showEnvVarsInLog = 0;
		};
/* End PBXShellScriptBuildPhase section */

/* Begin PBXSourcesBuildPhase section */
		A6F96A7E22B8B7BB0025B0BD /* Sources */ = {
			isa = PBXSourcesBuildPhase;
			buildActionMask = 2147483647;
			files = (
				A6609B8322BA32F4003914BF /* LoginViewController.swift in Sources */,
				A6F96AA422B8DA9B0025B0BD /* ChatViewController.swift in Sources */,
				A6F96AB722B912A80025B0BD /* ConversationsViewModel.swift in Sources */,
				A6F96AAD22B8DFBC0025B0BD /* Date+Extension.swift in Sources */,
				A6F96A8822B8B7BB0025B0BD /* ConversationsViewController.swift in Sources */,
				0D36C93B22B98D0900F4F984 /* OnlineUsersViewController.swift in Sources */,
				A6F96AB122B8E28F0025B0BD /* MessageHead.swift in Sources */,
				A6609B8822BA4415003914BF /* ProgressHUD.swift in Sources */,
				A6F96AB322B8ECC60025B0BD /* ChatViewModel.swift in Sources */,
				A6F96A9A22B8C1C50025B0BD /* View+Extension.swift in Sources */,
				A6F96A8622B8B7BB0025B0BD /* AppDelegate.swift in Sources */,
				A6609B8622BA3EB5003914BF /* LoginUser.swift in Sources */,
				A6F96A9F22B8CC970025B0BD /* OnlineUserCollectionViewCell.swift in Sources */,
				A6F96AA622B8DCC30025B0BD /* Message.swift in Sources */,
				A6F96AB522B8F7520025B0BD /* ChatProtocols.swift in Sources */,
				A6F96A9D22B8CC810025B0BD /* MessageHeadTableViewCell.swift in Sources */,
				A6F96AAF22B8E1ED0025B0BD /* User.swift in Sources */,
				0D51C4D122B97A4400F05406 /* ViewController+Extension.swift in Sources */,
				0D51C4D522B9847100F05406 /* ConversationProtocols.swift in Sources */,
				A6F96AA922B8DD2F0025B0BD /* String+Extension.swift in Sources */,
				0D51C4D322B9837800F05406 /* OnlineUser.swift in Sources */,
				A6F96AA322B8DA9B0025B0BD /* MyMessage.swift in Sources */,
				A6F96AAB22B8DE370025B0BD /* AppStateManager.swift in Sources */,
			);
			runOnlyForDeploymentPostprocessing = 0;
		};
/* End PBXSourcesBuildPhase section */

/* Begin PBXVariantGroup section */
		A6F96A8922B8B7BB0025B0BD /* Main.storyboard */ = {
			isa = PBXVariantGroup;
			children = (
				A6F96A8A22B8B7BB0025B0BD /* Base */,
			);
			name = Main.storyboard;
			sourceTree = "<group>";
		};
		A6F96A8E22B8B7BC0025B0BD /* LaunchScreen.storyboard */ = {
			isa = PBXVariantGroup;
			children = (
				A6F96A8F22B8B7BC0025B0BD /* Base */,
			);
			name = LaunchScreen.storyboard;
			sourceTree = "<group>";
		};
/* End PBXVariantGroup section */

/* Begin XCBuildConfiguration section */
		A6F96A9222B8B7BC0025B0BD /* Debug */ = {
			isa = XCBuildConfiguration;
			buildSettings = {
				ALWAYS_SEARCH_USER_PATHS = NO;
				CLANG_ANALYZER_NONNULL = YES;
				CLANG_ANALYZER_NUMBER_OBJECT_CONVERSION = YES_AGGRESSIVE;
				CLANG_CXX_LANGUAGE_STANDARD = "gnu++14";
				CLANG_CXX_LIBRARY = "libc++";
				CLANG_ENABLE_MODULES = YES;
				CLANG_ENABLE_OBJC_ARC = YES;
				CLANG_ENABLE_OBJC_WEAK = YES;
				CLANG_WARN_BLOCK_CAPTURE_AUTORELEASING = YES;
				CLANG_WARN_BOOL_CONVERSION = YES;
				CLANG_WARN_COMMA = YES;
				CLANG_WARN_CONSTANT_CONVERSION = YES;
				CLANG_WARN_DEPRECATED_OBJC_IMPLEMENTATIONS = YES;
				CLANG_WARN_DIRECT_OBJC_ISA_USAGE = YES_ERROR;
				CLANG_WARN_DOCUMENTATION_COMMENTS = YES;
				CLANG_WARN_EMPTY_BODY = YES;
				CLANG_WARN_ENUM_CONVERSION = YES;
				CLANG_WARN_INFINITE_RECURSION = YES;
				CLANG_WARN_INT_CONVERSION = YES;
				CLANG_WARN_NON_LITERAL_NULL_CONVERSION = YES;
				CLANG_WARN_OBJC_IMPLICIT_RETAIN_SELF = YES;
				CLANG_WARN_OBJC_LITERAL_CONVERSION = YES;
				CLANG_WARN_OBJC_ROOT_CLASS = YES_ERROR;
				CLANG_WARN_RANGE_LOOP_ANALYSIS = YES;
				CLANG_WARN_STRICT_PROTOTYPES = YES;
				CLANG_WARN_SUSPICIOUS_MOVE = YES;
				CLANG_WARN_UNGUARDED_AVAILABILITY = YES_AGGRESSIVE;
				CLANG_WARN_UNREACHABLE_CODE = YES;
				CLANG_WARN__DUPLICATE_METHOD_MATCH = YES;
				CODE_SIGN_IDENTITY = "iPhone Developer";
				COPY_PHASE_STRIP = NO;
				DEBUG_INFORMATION_FORMAT = dwarf;
				ENABLE_STRICT_OBJC_MSGSEND = YES;
				ENABLE_TESTABILITY = YES;
				GCC_C_LANGUAGE_STANDARD = gnu11;
				GCC_DYNAMIC_NO_PIC = NO;
				GCC_NO_COMMON_BLOCKS = YES;
				GCC_OPTIMIZATION_LEVEL = 0;
				GCC_PREPROCESSOR_DEFINITIONS = (
					"DEBUG=1",
					"$(inherited)",
				);
				GCC_WARN_64_TO_32_BIT_CONVERSION = YES;
				GCC_WARN_ABOUT_RETURN_TYPE = YES_ERROR;
				GCC_WARN_UNDECLARED_SELECTOR = YES;
				GCC_WARN_UNINITIALIZED_AUTOS = YES_AGGRESSIVE;
				GCC_WARN_UNUSED_FUNCTION = YES;
				GCC_WARN_UNUSED_VARIABLE = YES;
				IPHONEOS_DEPLOYMENT_TARGET = 12.2;
				MTL_ENABLE_DEBUG_INFO = INCLUDE_SOURCE;
				MTL_FAST_MATH = YES;
				ONLY_ACTIVE_ARCH = YES;
				SDKROOT = iphoneos;
				SWIFT_ACTIVE_COMPILATION_CONDITIONS = DEBUG;
				SWIFT_OPTIMIZATION_LEVEL = "-Onone";
			};
			name = Debug;
		};
		A6F96A9322B8B7BC0025B0BD /* Release */ = {
			isa = XCBuildConfiguration;
			buildSettings = {
				ALWAYS_SEARCH_USER_PATHS = NO;
				CLANG_ANALYZER_NONNULL = YES;
				CLANG_ANALYZER_NUMBER_OBJECT_CONVERSION = YES_AGGRESSIVE;
				CLANG_CXX_LANGUAGE_STANDARD = "gnu++14";
				CLANG_CXX_LIBRARY = "libc++";
				CLANG_ENABLE_MODULES = YES;
				CLANG_ENABLE_OBJC_ARC = YES;
				CLANG_ENABLE_OBJC_WEAK = YES;
				CLANG_WARN_BLOCK_CAPTURE_AUTORELEASING = YES;
				CLANG_WARN_BOOL_CONVERSION = YES;
				CLANG_WARN_COMMA = YES;
				CLANG_WARN_CONSTANT_CONVERSION = YES;
				CLANG_WARN_DEPRECATED_OBJC_IMPLEMENTATIONS = YES;
				CLANG_WARN_DIRECT_OBJC_ISA_USAGE = YES_ERROR;
				CLANG_WARN_DOCUMENTATION_COMMENTS = YES;
				CLANG_WARN_EMPTY_BODY = YES;
				CLANG_WARN_ENUM_CONVERSION = YES;
				CLANG_WARN_INFINITE_RECURSION = YES;
				CLANG_WARN_INT_CONVERSION = YES;
				CLANG_WARN_NON_LITERAL_NULL_CONVERSION = YES;
				CLANG_WARN_OBJC_IMPLICIT_RETAIN_SELF = YES;
				CLANG_WARN_OBJC_LITERAL_CONVERSION = YES;
				CLANG_WARN_OBJC_ROOT_CLASS = YES_ERROR;
				CLANG_WARN_RANGE_LOOP_ANALYSIS = YES;
				CLANG_WARN_STRICT_PROTOTYPES = YES;
				CLANG_WARN_SUSPICIOUS_MOVE = YES;
				CLANG_WARN_UNGUARDED_AVAILABILITY = YES_AGGRESSIVE;
				CLANG_WARN_UNREACHABLE_CODE = YES;
				CLANG_WARN__DUPLICATE_METHOD_MATCH = YES;
				CODE_SIGN_IDENTITY = "iPhone Developer";
				COPY_PHASE_STRIP = NO;
				DEBUG_INFORMATION_FORMAT = "dwarf-with-dsym";
				ENABLE_NS_ASSERTIONS = NO;
				ENABLE_STRICT_OBJC_MSGSEND = YES;
				GCC_C_LANGUAGE_STANDARD = gnu11;
				GCC_NO_COMMON_BLOCKS = YES;
				GCC_WARN_64_TO_32_BIT_CONVERSION = YES;
				GCC_WARN_ABOUT_RETURN_TYPE = YES_ERROR;
				GCC_WARN_UNDECLARED_SELECTOR = YES;
				GCC_WARN_UNINITIALIZED_AUTOS = YES_AGGRESSIVE;
				GCC_WARN_UNUSED_FUNCTION = YES;
				GCC_WARN_UNUSED_VARIABLE = YES;
				IPHONEOS_DEPLOYMENT_TARGET = 12.2;
				MTL_ENABLE_DEBUG_INFO = NO;
				MTL_FAST_MATH = YES;
				SDKROOT = iphoneos;
				SWIFT_COMPILATION_MODE = wholemodule;
				SWIFT_OPTIMIZATION_LEVEL = "-O";
				VALIDATE_PRODUCT = YES;
			};
			name = Release;
		};
		A6F96A9522B8B7BC0025B0BD /* Debug */ = {
			isa = XCBuildConfiguration;
			baseConfigurationReference = A5830AB766C1CE6245720AD5 /* Pods-ChatApp.debug.xcconfig */;
			buildSettings = {
				ASSETCATALOG_COMPILER_APPICON_NAME = AppIcon;
				CODE_SIGN_STYLE = Automatic;
				DEVELOPMENT_TEAM = D72YU8FCS8;
				INFOPLIST_FILE = ChatApp/Info.plist;
				IPHONEOS_DEPLOYMENT_TARGET = 10.0;
				LD_RUNPATH_SEARCH_PATHS = (
					"$(inherited)",
					"@executable_path/Frameworks",
				);
				PRODUCT_BUNDLE_IDENTIFIER = com.demo.ChatApp123;
				PRODUCT_NAME = "$(TARGET_NAME)";
				SWIFT_VERSION = 5.0;
				TARGETED_DEVICE_FAMILY = 1;
			};
			name = Debug;
		};
		A6F96A9622B8B7BC0025B0BD /* Release */ = {
			isa = XCBuildConfiguration;
			baseConfigurationReference = 8745DC19F7FD162D4F3A1684 /* Pods-ChatApp.release.xcconfig */;
			buildSettings = {
				ASSETCATALOG_COMPILER_APPICON_NAME = AppIcon;
				CODE_SIGN_STYLE = Automatic;
				DEVELOPMENT_TEAM = D72YU8FCS8;
				INFOPLIST_FILE = ChatApp/Info.plist;
				IPHONEOS_DEPLOYMENT_TARGET = 10.0;
				LD_RUNPATH_SEARCH_PATHS = (
					"$(inherited)",
					"@executable_path/Frameworks",
				);
				PRODUCT_BUNDLE_IDENTIFIER = com.demo.ChatApp123;
				PRODUCT_NAME = "$(TARGET_NAME)";
				SWIFT_VERSION = 5.0;
				TARGETED_DEVICE_FAMILY = 1;
			};
			name = Release;
		};
/* End XCBuildConfiguration section */

/* Begin XCConfigurationList section */
		A6F96A7D22B8B7BB0025B0BD /* Build configuration list for PBXProject "ChatApp" */ = {
			isa = XCConfigurationList;
			buildConfigurations = (
				A6F96A9222B8B7BC0025B0BD /* Debug */,
				A6F96A9322B8B7BC0025B0BD /* Release */,
			);
			defaultConfigurationIsVisible = 0;
			defaultConfigurationName = Release;
		};
		A6F96A9422B8B7BC0025B0BD /* Build configuration list for PBXNativeTarget "ChatApp" */ = {
			isa = XCConfigurationList;
			buildConfigurations = (
				A6F96A9522B8B7BC0025B0BD /* Debug */,
				A6F96A9622B8B7BC0025B0BD /* Release */,
			);
			defaultConfigurationIsVisible = 0;
			defaultConfigurationName = Release;
		};
/* End XCConfigurationList section */
	};
	rootObject = A6F96A7A22B8B7BB0025B0BD /* Project object */;
}
